
Microsoft Visual Studio Solution File, Format Version 12.00
# Visual Studio Version 17
VisualStudioVersion = 17.8.34330.188
MinimumVisualStudioVersion = 10.0.40219.1
Project("{FAE04EC0-301F-11D3-BF4B-00C04F79EFBC}") = "AcademicDevP", "AcademicDevP\AcademicDevP.csproj", "{62A60B54-A727-40FF-9F4D-A75204F378D3}"
EndProject
Global
	GlobalSection(SolutionConfigurationPlatforms) = preSolution
		Debug|Any CPU = Debug|Any CPU
		Release|Any CPU = Release|Any CPU
	EndGlobalSection
	GlobalSection(ProjectConfigurationPlatforms) = postSolution
		{62A60B54-A727-40FF-9F4D-A75204F378D3}.Debug|Any CPU.ActiveCfg = Debug|Any CPU
		{62A60B54-A727-40FF-9F4D-A75204F378D3}.Debug|Any CPU.Build.0 = Debug|Any CPU
		{62A60B54-A727-40FF-9F4D-A75204F378D3}.Release|Any CPU.ActiveCfg = Release|Any CPU
		{62A60B54-A727-40FF-9F4D-A75204F378D3}.Release|Any CPU.Build.0 = Release|Any CPU
	EndGlobalSection
	GlobalSection(SolutionProperties) = preSolution
		HideSolutionNode = FALSE
	EndGlobalSection
	GlobalSection(ExtensibilityGlobals) = postSolution
		SolutionGuid = {4B137073-3A27-4B1A-A55E-2CF3C5F414BB}
	EndGlobalSection
EndGlobal
